
Microsoft Visual Studio Solution File, Format Version 12.00
# Visual Studio Version 17
VisualStudioVersion = 17.2.32630.192
MinimumVisualStudioVersion = 10.0.40219.1
Project("{FAE04EC0-301F-11D3-BF4B-00C04F79EFBC}") = "RideTheWind", "RideTheWind.csproj", "{ACC1778E-8C85-439C-98A8-E0BF6B2FD724}"
EndProject
Global
	GlobalSection(SolutionConfigurationPlatforms) = preSolution
		Debug|Any CPU = Debug|Any CPU
		Release|Any CPU = Release|Any CPU
	EndGlobalSection
	GlobalSection(ProjectConfigurationPlatforms) = postSolution
		{ACC1778E-8C85-439C-98A8-E0BF6B2FD724}.Debug|Any CPU.ActiveCfg = Debug|Any CPU
		{ACC1778E-8C85-439C-98A8-E0BF6B2FD724}.Debug|Any CPU.Build.0 = Debug|Any CPU
		{ACC1778E-8C85-439C-98A8-E0BF6B2FD724}.Release|Any CPU.ActiveCfg = Release|Any CPU
		{ACC1778E-8C85-439C-98A8-E0BF6B2FD724}.Release|Any CPU.Build.0 = Release|Any CPU
	EndGlobalSection
	GlobalSection(SolutionProperties) = preSolution
		HideSolutionNode = FALSE
	EndGlobalSection
	GlobalSection(ExtensibilityGlobals) = postSolution
		SolutionGuid = {86216FA2-24C3-4A76-9409-050F8B891F4A}
	EndGlobalSection
EndGlobal
